
Microsoft Visual Studio Solution File, Format Version 12.00
# Visual Studio Version 17
VisualStudioVersion = 17.7.34031.279
MinimumVisualStudioVersion = 10.0.40219.1
Project("{FAE04EC0-301F-11D3-BF4B-00C04F79EFBC}") = "Inheritance-YetGenAkbank", "Inheritance-YetGenAkbank\Inheritance-YetGenAkbank.csproj", "{955E8D36-1453-4DEA-BF0E-EEA27C1258DC}"
EndProject
Global
	GlobalSection(SolutionConfigurationPlatforms) = preSolution
		Debug|Any CPU = Debug|Any CPU
		Release|Any CPU = Release|Any CPU
	EndGlobalSection
	GlobalSection(ProjectConfigurationPlatforms) = postSolution
		{955E8D36-1453-4DEA-BF0E-EEA27C1258DC}.Debug|Any CPU.ActiveCfg = Debug|Any CPU
		{955E8D36-1453-4DEA-BF0E-EEA27C1258DC}.Debug|Any CPU.Build.0 = Debug|Any CPU
		{955E8D36-1453-4DEA-BF0E-EEA27C1258DC}.Release|Any CPU.ActiveCfg = Release|Any CPU
		{955E8D36-1453-4DEA-BF0E-EEA27C1258DC}.Release|Any CPU.Build.0 = Release|Any CPU
	EndGlobalSection
	GlobalSection(SolutionProperties) = preSolution
		HideSolutionNode = FALSE
	EndGlobalSection
	GlobalSection(ExtensibilityGlobals) = postSolution
		SolutionGuid = {08520C31-DAD1-44FA-87EA-0F24B5CB0C39}
	EndGlobalSection
EndGlobal
